{
  "name": "gobook",
  "lockfileVersion": 2,
  "requires": true,
  "packages": {
    "": {
      "devDependencies": {
        "@unocss/preset-typography": "^0.45.29"
      }
    },
    "node_modules/@unocss/core": {
      "version": "0.45.29",
      "resolved": "https://registry.npmmirror.com/@unocss/core/-/core-0.45.29.tgz",
      "integrity": "sha512-ElnT15Hqb1PZY293HI1CSE73/I76Wsc4sczQCQRHlMrAb73JeB5iM3XOWJFGWqChb7Z5dP+mwDExXgNpRxCQjQ==",
      "dev": true
    },
    "node_modules/@unocss/preset-typography": {
      "version": "0.45.29",
      "resolved": "https://registry.npmmirror.com/@unocss/preset-typography/-/preset-typography-0.45.29.tgz",
      "integrity": "sha512-YCgaZPa06K8AMnwCw1VQtpL+ZbtP2MrQ8rPwmZwRrGMtLMv3S/oPBl6YnF56pZCOPFJa+IUWAfTDz4ff92edGg==",
      "dev": true,
      "dependencies": {
        "@unocss/core": "0.45.29"
      }
    }
  },
  "dependencies": {
    "@unocss/core": {
      "version": "0.45.29",
      "resolved": "https://registry.npmmirror.com/@unocss/core/-/core-0.45.29.tgz",
      "integrity": "sha512-ElnT15Hqb1PZY293HI1CSE73/I76Wsc4sczQCQRHlMrAb73JeB5iM3XOWJFGWqChb7Z5dP+mwDExXgNpRxCQjQ==",
      "dev": true
    },
    "@unocss/preset-typography": {
      "version": "0.45.29",
      "resolved": "https://registry.npmmirror.com/@unocss/preset-typography/-/preset-typography-0.45.29.tgz",
      "integrity": "sha512-YCgaZPa06K8AMnwCw1VQtpL+ZbtP2MrQ8rPwmZwRrGMtLMv3S/oPBl6YnF56pZCOPFJa+IUWAfTDz4ff92edGg==",
      "dev": true,
      "requires": {
        "@unocss/core": "0.45.29"
      }
    }
  }
}
